
Microsoft Visual Studio Solution File, Format Version 12.00
# Visual Studio Version 17
VisualStudioVersion = 17.5.33530.505
MinimumVisualStudioVersion = 10.0.40219.1
Project("{8BC9CEB8-8B4A-11D0-8D11-00A0C91BC942}") = "HelloDriver", "src\HelloDriver\HelloDriver.vcxproj", "{95A20916-93FA-4518-8ACA-A1BA55B688F2}"
EndProject
Project("{8BC9CEB8-8B4A-11D0-8D11-00A0C91BC942}") = "CommunicationDriver", "src\Communication\CommunicationDriver\CommunicationDriver.vcxproj", "{AECB9030-E01B-4482-B1B0-328DED39F987}"
EndProject
Project("{2150E333-8FDC-42A3-9474-1A3956D46DE8}") = "Communication", "Communication", "{4137D91C-5417-4ECC-8F69-A9662C320863}"
EndProject
Project("{8BC9CEB8-8B4A-11D0-8D11-00A0C91BC942}") = "CommunicationApp", "src\Communication\CommunicationApp\CommunicationApp.vcxproj", "{BCCC99F0-4C12-47CB-ABB7-910B2178A036}"
EndProject
Project("{8BC9CEB8-8B4A-11D0-8D11-00A0C91BC942}") = "CheckVMXSupport", "src\CheckVMXSupport\CheckVMXSupport.vcxproj", "{C44A3B03-39F7-42F9-8EAB-CAC62B99F92C}"
EndProject
Project("{8BC9CEB8-8B4A-11D0-8D11-00A0C91BC942}") = "ProcessEnum", "src\ProcessEnum\ProcessEnum.vcxproj", "{0E828519-1A49-4709-8836-C2355E3C60A8}"
EndProject
Project("{2150E333-8FDC-42A3-9474-1A3956D46DE8}") = "MemReadWrite", "MemReadWrite", "{6843BB56-F7CE-4DD7-829D-39E723728C7A}"
EndProject
Project("{8BC9CEB8-8B4A-11D0-8D11-00A0C91BC942}") = "MemReadWriteDriver", "src\MemReadWrite\MemReadWriteDriver\MemReadWriteDriver.vcxproj", "{387BD188-73C4-40AD-8D0C-4219D7CFB9DA}"
EndProject
Project("{8BC9CEB8-8B4A-11D0-8D11-00A0C91BC942}") = "MemReadWriteDLL", "src\MemReadWrite\MemReadWriteDLL\MemReadWriteDLL.vcxproj", "{F3EC1FF0-C657-4A1B-A822-1E8B116C954F}"
	ProjectSection(ProjectDependencies) = postProject
		{387BD188-73C4-40AD-8D0C-4219D7CFB9DA} = {387BD188-73C4-40AD-8D0C-4219D7CFB9DA}
	EndProjectSection
EndProject
Project("{8BC9CEB8-8B4A-11D0-8D11-00A0C91BC942}") = "MemReadWriteApp", "src\MemReadWrite\MemReadWriteApp\MemReadWriteApp.vcxproj", "{424DD5C9-3763-4331-B317-713D18E75F88}"
	ProjectSection(ProjectDependencies) = postProject
		{F3EC1FF0-C657-4A1B-A822-1E8B116C954F} = {F3EC1FF0-C657-4A1B-A822-1E8B116C954F}
	EndProjectSection
EndProject
Project("{8BC9CEB8-8B4A-11D0-8D11-00A0C91BC942}") = "KernelThread", "src\KernelThread\KernelThread.vcxproj", "{F4A29622-C979-4571-950D-BF4CE9759900}"
EndProject
Project("{8BC9CEB8-8B4A-11D0-8D11-00A0C91BC942}") = "VMXOnOff", "src\VMXOnOff\VMXOnOff.vcxproj", "{06A4EF12-EC77-4464-B7EB-2BF4A3E75787}"
EndProject
Project("{2150E333-8FDC-42A3-9474-1A3956D46DE8}") = "SSDT", "SSDT", "{97E8A7F4-C573-4A9D-AAA0-CAD63B97F63D}"
EndProject
Project("{8BC9CEB8-8B4A-11D0-8D11-00A0C91BC942}") = "SSDTIndex", "src\SSDT\SSDTIndex\SSDTIndex.vcxproj", "{B3BF49C3-5BC5-44C7-AEC2-15B50F82A2C8}"
EndProject
Project("{8BC9CEB8-8B4A-11D0-8D11-00A0C91BC942}") = "SSDTTable", "src\SSDT\SSDTTable\SSDTTable.vcxproj", "{8F397D61-7DC4-4546-A1D7-8EBF5DDB7339}"
EndProject
Global
	GlobalSection(SolutionConfigurationPlatforms) = preSolution
		Debug|ARM = Debug|ARM
		Debug|ARM64 = Debug|ARM64
		Debug|x64 = Debug|x64
		Debug|x86 = Debug|x86
		Release|ARM = Release|ARM
		Release|ARM64 = Release|ARM64
		Release|x64 = Release|x64
		Release|x86 = Release|x86
	EndGlobalSection
	GlobalSection(ProjectConfigurationPlatforms) = postSolution
		{95A20916-93FA-4518-8ACA-A1BA55B688F2}.Debug|ARM.ActiveCfg = Debug|Win32
		{95A20916-93FA-4518-8ACA-A1BA55B688F2}.Debug|ARM64.ActiveCfg = Debug|Win32
		{95A20916-93FA-4518-8ACA-A1BA55B688F2}.Debug|x64.ActiveCfg = Debug|x64
		{95A20916-93FA-4518-8ACA-A1BA55B688F2}.Debug|x64.Build.0 = Debug|x64
		{95A20916-93FA-4518-8ACA-A1BA55B688F2}.Debug|x64.Deploy.0 = Debug|x64
		{95A20916-93FA-4518-8ACA-A1BA55B688F2}.Debug|x86.ActiveCfg = Debug|Win32
		{95A20916-93FA-4518-8ACA-A1BA55B688F2}.Debug|x86.Build.0 = Debug|Win32
		{95A20916-93FA-4518-8ACA-A1BA55B688F2}.Debug|x86.Deploy.0 = Debug|Win32
		{95A20916-93FA-4518-8ACA-A1BA55B688F2}.Release|ARM.ActiveCfg = Release|Win32
		{95A20916-93FA-4518-8ACA-A1BA55B688F2}.Release|ARM64.ActiveCfg = Release|Win32
		{95A20916-93FA-4518-8ACA-A1BA55B688F2}.Release|x64.ActiveCfg = Release|x64
		{95A20916-93FA-4518-8ACA-A1BA55B688F2}.Release|x64.Build.0 = Release|x64
		{95A20916-93FA-4518-8ACA-A1BA55B688F2}.Release|x64.Deploy.0 = Release|x64
		{95A20916-93FA-4518-8ACA-A1BA55B688F2}.Release|x86.ActiveCfg = Release|Win32
		{95A20916-93FA-4518-8ACA-A1BA55B688F2}.Release|x86.Build.0 = Release|Win32
		{95A20916-93FA-4518-8ACA-A1BA55B688F2}.Release|x86.Deploy.0 = Release|Win32
		{AECB9030-E01B-4482-B1B0-328DED39F987}.Debug|ARM.ActiveCfg = Debug|Win32
		{AECB9030-E01B-4482-B1B0-328DED39F987}.Debug|ARM64.ActiveCfg = Debug|Win32
		{AECB9030-E01B-4482-B1B0-328DED39F987}.Debug|x64.ActiveCfg = Debug|x64
		{AECB9030-E01B-4482-B1B0-328DED39F987}.Debug|x64.Build.0 = Debug|x64
		{AECB9030-E01B-4482-B1B0-328DED39F987}.Debug|x64.Deploy.0 = Debug|x64
		{AECB9030-E01B-4482-B1B0-328DED39F987}.Debug|x86.ActiveCfg = Debug|Win32
		{AECB9030-E01B-4482-B1B0-328DED39F987}.Debug|x86.Build.0 = Debug|Win32
		{AECB9030-E01B-4482-B1B0-328DED39F987}.Debug|x86.Deploy.0 = Debug|Win32
		{AECB9030-E01B-4482-B1B0-328DED39F987}.Release|ARM.ActiveCfg = Release|Win32
		{AECB9030-E01B-4482-B1B0-328DED39F987}.Release|ARM64.ActiveCfg = Release|Win32
		{AECB9030-E01B-4482-B1B0-328DED39F987}.Release|x64.ActiveCfg = Release|x64
		{AECB9030-E01B-4482-B1B0-328DED39F987}.Release|x64.Build.0 = Release|x64
		{AECB9030-E01B-4482-B1B0-328DED39F987}.Release|x64.Deploy.0 = Release|x64
		{AECB9030-E01B-4482-B1B0-328DED39F987}.Release|x86.ActiveCfg = Release|Win32
		{AECB9030-E01B-4482-B1B0-328DED39F987}.Release|x86.Build.0 = Release|Win32
		{AECB9030-E01B-4482-B1B0-328DED39F987}.Release|x86.Deploy.0 = Release|Win32
		{BCCC99F0-4C12-47CB-ABB7-910B2178A036}.Debug|ARM.ActiveCfg = Debug|Win32
		{BCCC99F0-4C12-47CB-ABB7-910B2178A036}.Debug|ARM64.ActiveCfg = Debug|Win32
		{BCCC99F0-4C12-47CB-ABB7-910B2178A036}.Debug|x64.ActiveCfg = Debug|x64
		{BCCC99F0-4C12-47CB-ABB7-910B2178A036}.Debug|x64.Build.0 = Debug|x64
		{BCCC99F0-4C12-47CB-ABB7-910B2178A036}.Debug|x86.ActiveCfg = Debug|Win32
		{BCCC99F0-4C12-47CB-ABB7-910B2178A036}.Debug|x86.Build.0 = Debug|Win32
		{BCCC99F0-4C12-47CB-ABB7-910B2178A036}.Release|ARM.ActiveCfg = Release|Win32
		{BCCC99F0-4C12-47CB-ABB7-910B2178A036}.Release|ARM64.ActiveCfg = Release|Win32
		{BCCC99F0-4C12-47CB-ABB7-910B2178A036}.Release|x64.ActiveCfg = Release|x64
		{BCCC99F0-4C12-47CB-ABB7-910B2178A036}.Release|x64.Build.0 = Release|x64
		{BCCC99F0-4C12-47CB-ABB7-910B2178A036}.Release|x86.ActiveCfg = Release|Win32
		{BCCC99F0-4C12-47CB-ABB7-910B2178A036}.Release|x86.Build.0 = Release|Win32
		{C44A3B03-39F7-42F9-8EAB-CAC62B99F92C}.Debug|ARM.ActiveCfg = Debug|ARM
		{C44A3B03-39F7-42F9-8EAB-CAC62B99F92C}.Debug|ARM.Build.0 = Debug|ARM
		{C44A3B03-39F7-42F9-8EAB-CAC62B99F92C}.Debug|ARM.Deploy.0 = Debug|ARM
		{C44A3B03-39F7-42F9-8EAB-CAC62B99F92C}.Debug|ARM64.ActiveCfg = Debug|ARM64
		{C44A3B03-39F7-42F9-8EAB-CAC62B99F92C}.Debug|ARM64.Build.0 = Debug|ARM64
		{C44A3B03-39F7-42F9-8EAB-CAC62B99F92C}.Debug|ARM64.Deploy.0 = Debug|ARM64
		{C44A3B03-39F7-42F9-8EAB-CAC62B99F92C}.Debug|x64.ActiveCfg = Debug|x64
		{C44A3B03-39F7-42F9-8EAB-CAC62B99F92C}.Debug|x64.Build.0 = Debug|x64
		{C44A3B03-39F7-42F9-8EAB-CAC62B99F92C}.Debug|x64.Deploy.0 = Debug|x64
		{C44A3B03-39F7-42F9-8EAB-CAC62B99F92C}.Debug|x86.ActiveCfg = Debug|Win32
		{C44A3B03-39F7-42F9-8EAB-CAC62B99F92C}.Debug|x86.Build.0 = Debug|Win32
		{C44A3B03-39F7-42F9-8EAB-CAC62B99F92C}.Debug|x86.Deploy.0 = Debug|Win32
		{C44A3B03-39F7-42F9-8EAB-CAC62B99F92C}.Release|ARM.ActiveCfg = Release|ARM
		{C44A3B03-39F7-42F9-8EAB-CAC62B99F92C}.Release|ARM.Build.0 = Release|ARM
		{C44A3B03-39F7-42F9-8EAB-CAC62B99F92C}.Release|ARM.Deploy.0 = Release|ARM
		{C44A3B03-39F7-42F9-8EAB-CAC62B99F92C}.Release|ARM64.ActiveCfg = Release|ARM64
		{C44A3B03-39F7-42F9-8EAB-CAC62B99F92C}.Release|ARM64.Build.0 = Release|ARM64
		{C44A3B03-39F7-42F9-8EAB-CAC62B99F92C}.Release|ARM64.Deploy.0 = Release|ARM64
		{C44A3B03-39F7-42F9-8EAB-CAC62B99F92C}.Release|x64.ActiveCfg = Release|x64
		{C44A3B03-39F7-42F9-8EAB-CAC62B99F92C}.Release|x64.Build.0 = Release|x64
		{C44A3B03-39F7-42F9-8EAB-CAC62B99F92C}.Release|x64.Deploy.0 = Release|x64
		{C44A3B03-39F7-42F9-8EAB-CAC62B99F92C}.Release|x86.ActiveCfg = Release|Win32
		{C44A3B03-39F7-42F9-8EAB-CAC62B99F92C}.Release|x86.Build.0 = Release|Win32
		{C44A3B03-39F7-42F9-8EAB-CAC62B99F92C}.Release|x86.Deploy.0 = Release|Win32
		{0E828519-1A49-4709-8836-C2355E3C60A8}.Debug|ARM.ActiveCfg = Debug|ARM
		{0E828519-1A49-4709-8836-C2355E3C60A8}.Debug|ARM.Build.0 = Debug|ARM
		{0E828519-1A49-4709-8836-C2355E3C60A8}.Debug|ARM.Deploy.0 = Debug|ARM
		{0E828519-1A49-4709-8836-C2355E3C60A8}.Debug|ARM64.ActiveCfg = Debug|ARM64
		{0E828519-1A49-4709-8836-C2355E3C60A8}.Debug|ARM64.Build.0 = Debug|ARM64
		{0E828519-1A49-4709-8836-C2355E3C60A8}.Debug|ARM64.Deploy.0 = Debug|ARM64
		{0E828519-1A49-4709-8836-C2355E3C60A8}.Debug|x64.ActiveCfg = Debug|x64
		{0E828519-1A49-4709-8836-C2355E3C60A8}.Debug|x64.Build.0 = Debug|x64
		{0E828519-1A49-4709-8836-C2355E3C60A8}.Debug|x64.Deploy.0 = Debug|x64
		{0E828519-1A49-4709-8836-C2355E3C60A8}.Debug|x86.ActiveCfg = Debug|Win32
		{0E828519-1A49-4709-8836-C2355E3C60A8}.Debug|x86.Build.0 = Debug|Win32
		{0E828519-1A49-4709-8836-C2355E3C60A8}.Debug|x86.Deploy.0 = Debug|Win32
		{0E828519-1A49-4709-8836-C2355E3C60A8}.Release|ARM.ActiveCfg = Release|ARM
		{0E828519-1A49-4709-8836-C2355E3C60A8}.Release|ARM.Build.0 = Release|ARM
		{0E828519-1A49-4709-8836-C2355E3C60A8}.Release|ARM.Deploy.0 = Release|ARM
		{0E828519-1A49-4709-8836-C2355E3C60A8}.Release|ARM64.ActiveCfg = Release|ARM64
		{0E828519-1A49-4709-8836-C2355E3C60A8}.Release|ARM64.Build.0 = Release|ARM64
		{0E828519-1A49-4709-8836-C2355E3C60A8}.Release|ARM64.Deploy.0 = Release|ARM64
		{0E828519-1A49-4709-8836-C2355E3C60A8}.Release|x64.ActiveCfg = Release|x64
		{0E828519-1A49-4709-8836-C2355E3C60A8}.Release|x64.Build.0 = Release|x64
		{0E828519-1A49-4709-8836-C2355E3C60A8}.Release|x64.Deploy.0 = Release|x64
		{0E828519-1A49-4709-8836-C2355E3C60A8}.Release|x86.ActiveCfg = Release|Win32
		{0E828519-1A49-4709-8836-C2355E3C60A8}.Release|x86.Build.0 = Release|Win32
		{0E828519-1A49-4709-8836-C2355E3C60A8}.Release|x86.Deploy.0 = Release|Win32
		{387BD188-73C4-40AD-8D0C-4219D7CFB9DA}.Debug|ARM.ActiveCfg = Debug|ARM
		{387BD188-73C4-40AD-8D0C-4219D7CFB9DA}.Debug|ARM.Build.0 = Debug|ARM
		{387BD188-73C4-40AD-8D0C-4219D7CFB9DA}.Debug|ARM.Deploy.0 = Debug|ARM
		{387BD188-73C4-40AD-8D0C-4219D7CFB9DA}.Debug|ARM64.ActiveCfg = Debug|ARM64
		{387BD188-73C4-40AD-8D0C-4219D7CFB9DA}.Debug|ARM64.Build.0 = Debug|ARM64
		{387BD188-73C4-40AD-8D0C-4219D7CFB9DA}.Debug|ARM64.Deploy.0 = Debug|ARM64
		{387BD188-73C4-40AD-8D0C-4219D7CFB9DA}.Debug|x64.ActiveCfg = Debug|x64
		{387BD188-73C4-40AD-8D0C-4219D7CFB9DA}.Debug|x64.Build.0 = Debug|x64
		{387BD188-73C4-40AD-8D0C-4219D7CFB9DA}.Debug|x64.Deploy.0 = Debug|x64
		{387BD188-73C4-40AD-8D0C-4219D7CFB9DA}.Debug|x86.ActiveCfg = Debug|Win32
		{387BD188-73C4-40AD-8D0C-4219D7CFB9DA}.Debug|x86.Build.0 = Debug|Win32
		{387BD188-73C4-40AD-8D0C-4219D7CFB9DA}.Debug|x86.Deploy.0 = Debug|Win32
		{387BD188-73C4-40AD-8D0C-4219D7CFB9DA}.Release|ARM.ActiveCfg = Release|ARM
		{387BD188-73C4-40AD-8D0C-4219D7CFB9DA}.Release|ARM.Build.0 = Release|ARM
		{387BD188-73C4-40AD-8D0C-4219D7CFB9DA}.Release|ARM.Deploy.0 = Release|ARM
		{387BD188-73C4-40AD-8D0C-4219D7CFB9DA}.Release|ARM64.ActiveCfg = Release|ARM64
		{387BD188-73C4-40AD-8D0C-4219D7CFB9DA}.Release|ARM64.Build.0 = Release|ARM64
		{387BD188-73C4-40AD-8D0C-4219D7CFB9DA}.Release|ARM64.Deploy.0 = Release|ARM64
		{387BD188-73C4-40AD-8D0C-4219D7CFB9DA}.Release|x64.ActiveCfg = Release|x64
		{387BD188-73C4-40AD-8D0C-4219D7CFB9DA}.Release|x64.Build.0 = Release|x64
		{387BD188-73C4-40AD-8D0C-4219D7CFB9DA}.Release|x64.Deploy.0 = Release|x64
		{387BD188-73C4-40AD-8D0C-4219D7CFB9DA}.Release|x86.ActiveCfg = Release|Win32
		{387BD188-73C4-40AD-8D0C-4219D7CFB9DA}.Release|x86.Build.0 = Release|Win32
		{387BD188-73C4-40AD-8D0C-4219D7CFB9DA}.Release|x86.Deploy.0 = Release|Win32
		{F3EC1FF0-C657-4A1B-A822-1E8B116C954F}.Debug|ARM.ActiveCfg = Debug|Win32
		{F3EC1FF0-C657-4A1B-A822-1E8B116C954F}.Debug|ARM64.ActiveCfg = Debug|Win32
		{F3EC1FF0-C657-4A1B-A822-1E8B116C954F}.Debug|x64.ActiveCfg = Debug|x64
		{F3EC1FF0-C657-4A1B-A822-1E8B116C954F}.Debug|x64.Build.0 = Debug|x64
		{F3EC1FF0-C657-4A1B-A822-1E8B116C954F}.Debug|x86.ActiveCfg = Debug|Win32
		{F3EC1FF0-C657-4A1B-A822-1E8B116C954F}.Debug|x86.Build.0 = Debug|Win32
		{F3EC1FF0-C657-4A1B-A822-1E8B116C954F}.Release|ARM.ActiveCfg = Release|Win32
		{F3EC1FF0-C657-4A1B-A822-1E8B116C954F}.Release|ARM64.ActiveCfg = Release|Win32
		{F3EC1FF0-C657-4A1B-A822-1E8B116C954F}.Release|x64.ActiveCfg = Release|x64
		{F3EC1FF0-C657-4A1B-A822-1E8B116C954F}.Release|x64.Build.0 = Release|x64
		{F3EC1FF0-C657-4A1B-A822-1E8B116C954F}.Release|x86.ActiveCfg = Release|Win32
		{F3EC1FF0-C657-4A1B-A822-1E8B116C954F}.Release|x86.Build.0 = Release|Win32
		{424DD5C9-3763-4331-B317-713D18E75F88}.Debug|ARM.ActiveCfg = Debug|Win32
		{424DD5C9-3763-4331-B317-713D18E75F88}.Debug|ARM64.ActiveCfg = Debug|Win32
		{424DD5C9-3763-4331-B317-713D18E75F88}.Debug|x64.ActiveCfg = Debug|x64
		{424DD5C9-3763-4331-B317-713D18E75F88}.Debug|x64.Build.0 = Debug|x64
		{424DD5C9-3763-4331-B317-713D18E75F88}.Debug|x86.ActiveCfg = Debug|Win32
		{424DD5C9-3763-4331-B317-713D18E75F88}.Debug|x86.Build.0 = Debug|Win32
		{424DD5C9-3763-4331-B317-713D18E75F88}.Release|ARM.ActiveCfg = Release|Win32
		{424DD5C9-3763-4331-B317-713D18E75F88}.Release|ARM64.ActiveCfg = Release|Win32
		{424DD5C9-3763-4331-B317-713D18E75F88}.Release|x64.ActiveCfg = Release|x64
		{424DD5C9-3763-4331-B317-713D18E75F88}.Release|x64.Build.0 = Release|x64
		{424DD5C9-3763-4331-B317-713D18E75F88}.Release|x86.ActiveCfg = Release|Win32
		{424DD5C9-3763-4331-B317-713D18E75F88}.Release|x86.Build.0 = Release|Win32
		{F4A29622-C979-4571-950D-BF4CE9759900}.Debug|ARM.ActiveCfg = Debug|ARM
		{F4A29622-C979-4571-950D-BF4CE9759900}.Debug|ARM.Build.0 = Debug|ARM
		{F4A29622-C979-4571-950D-BF4CE9759900}.Debug|ARM.Deploy.0 = Debug|ARM
		{F4A29622-C979-4571-950D-BF4CE9759900}.Debug|ARM64.ActiveCfg = Debug|ARM64
		{F4A29622-C979-4571-950D-BF4CE9759900}.Debug|ARM64.Build.0 = Debug|ARM64
		{F4A29622-C979-4571-950D-BF4CE9759900}.Debug|ARM64.Deploy.0 = Debug|ARM64
		{F4A29622-C979-4571-950D-BF4CE9759900}.Debug|x64.ActiveCfg = Debug|x64
		{F4A29622-C979-4571-950D-BF4CE9759900}.Debug|x64.Build.0 = Debug|x64
		{F4A29622-C979-4571-950D-BF4CE9759900}.Debug|x64.Deploy.0 = Debug|x64
		{F4A29622-C979-4571-950D-BF4CE9759900}.Debug|x86.ActiveCfg = Debug|Win32
		{F4A29622-C979-4571-950D-BF4CE9759900}.Debug|x86.Build.0 = Debug|Win32
		{F4A29622-C979-4571-950D-BF4CE9759900}.Debug|x86.Deploy.0 = Debug|Win32
		{F4A29622-C979-4571-950D-BF4CE9759900}.Release|ARM.ActiveCfg = Release|ARM
		{F4A29622-C979-4571-950D-BF4CE9759900}.Release|ARM.Build.0 = Release|ARM
		{F4A29622-C979-4571-950D-BF4CE9759900}.Release|ARM.Deploy.0 = Release|ARM
		{F4A29622-C979-4571-950D-BF4CE9759900}.Release|ARM64.ActiveCfg = Release|ARM64
		{F4A29622-C979-4571-950D-BF4CE9759900}.Release|ARM64.Build.0 = Release|ARM64
		{F4A29622-C979-4571-950D-BF4CE9759900}.Release|ARM64.Deploy.0 = Release|ARM64
		{F4A29622-C979-4571-950D-BF4CE9759900}.Release|x64.ActiveCfg = Release|x64
		{F4A29622-C979-4571-950D-BF4CE9759900}.Release|x64.Build.0 = Release|x64
		{F4A29622-C979-4571-950D-BF4CE9759900}.Release|x64.Deploy.0 = Release|x64
		{F4A29622-C979-4571-950D-BF4CE9759900}.Release|x86.ActiveCfg = Release|Win32
		{F4A29622-C979-4571-950D-BF4CE9759900}.Release|x86.Build.0 = Release|Win32
		{F4A29622-C979-4571-950D-BF4CE9759900}.Release|x86.Deploy.0 = Release|Win32
		{06A4EF12-EC77-4464-B7EB-2BF4A3E75787}.Debug|ARM.ActiveCfg = Debug|ARM
		{06A4EF12-EC77-4464-B7EB-2BF4A3E75787}.Debug|ARM.Build.0 = Debug|ARM
		{06A4EF12-EC77-4464-B7EB-2BF4A3E75787}.Debug|ARM.Deploy.0 = Debug|ARM
		{06A4EF12-EC77-4464-B7EB-2BF4A3E75787}.Debug|ARM64.ActiveCfg = Debug|ARM64
		{06A4EF12-EC77-4464-B7EB-2BF4A3E75787}.Debug|ARM64.Build.0 = Debug|ARM64
		{06A4EF12-EC77-4464-B7EB-2BF4A3E75787}.Debug|ARM64.Deploy.0 = Debug|ARM64
		{06A4EF12-EC77-4464-B7EB-2BF4A3E75787}.Debug|x64.ActiveCfg = Debug|x64
		{06A4EF12-EC77-4464-B7EB-2BF4A3E75787}.Debug|x64.Build.0 = Debug|x64
		{06A4EF12-EC77-4464-B7EB-2BF4A3E75787}.Debug|x64.Deploy.0 = Debug|x64
		{06A4EF12-EC77-4464-B7EB-2BF4A3E75787}.Debug|x86.ActiveCfg = Debug|Win32
		{06A4EF12-EC77-4464-B7EB-2BF4A3E75787}.Debug|x86.Build.0 = Debug|Win32
		{06A4EF12-EC77-4464-B7EB-2BF4A3E75787}.Debug|x86.Deploy.0 = Debug|Win32
		{06A4EF12-EC77-4464-B7EB-2BF4A3E75787}.Release|ARM.ActiveCfg = Release|ARM
		{06A4EF12-EC77-4464-B7EB-2BF4A3E75787}.Release|ARM.Build.0 = Release|ARM
		{06A4EF12-EC77-4464-B7EB-2BF4A3E75787}.Release|ARM.Deploy.0 = Release|ARM
		{06A4EF12-EC77-4464-B7EB-2BF4A3E75787}.Release|ARM64.ActiveCfg = Release|ARM64
		{06A4EF12-EC77-4464-B7EB-2BF4A3E75787}.Release|ARM64.Build.0 = Release|ARM64
		{06A4EF12-EC77-4464-B7EB-2BF4A3E75787}.Release|ARM64.Deploy.0 = Release|ARM64
		{06A4EF12-EC77-4464-B7EB-2BF4A3E75787}.Release|x64.ActiveCfg = Release|x64
		{06A4EF12-EC77-4464-B7EB-2BF4A3E75787}.Release|x64.Build.0 = Release|x64
		{06A4EF12-EC77-4464-B7EB-2BF4A3E75787}.Release|x64.Deploy.0 = Release|x64
		{06A4EF12-EC77-4464-B7EB-2BF4A3E75787}.Release|x86.ActiveCfg = Release|Win32
		{06A4EF12-EC77-4464-B7EB-2BF4A3E75787}.Release|x86.Build.0 = Release|Win32
		{06A4EF12-EC77-4464-B7EB-2BF4A3E75787}.Release|x86.Deploy.0 = Release|Win32
		{B3BF49C3-5BC5-44C7-AEC2-15B50F82A2C8}.Debug|ARM.ActiveCfg = Debug|x64
		{B3BF49C3-5BC5-44C7-AEC2-15B50F82A2C8}.Debug|ARM.Build.0 = Debug|x64
		{B3BF49C3-5BC5-44C7-AEC2-15B50F82A2C8}.Debug|ARM.Deploy.0 = Debug|x64
		{B3BF49C3-5BC5-44C7-AEC2-15B50F82A2C8}.Debug|ARM64.ActiveCfg = Debug|ARM64
		{B3BF49C3-5BC5-44C7-AEC2-15B50F82A2C8}.Debug|ARM64.Build.0 = Debug|ARM64
		{B3BF49C3-5BC5-44C7-AEC2-15B50F82A2C8}.Debug|ARM64.Deploy.0 = Debug|ARM64
		{B3BF49C3-5BC5-44C7-AEC2-15B50F82A2C8}.Debug|x64.ActiveCfg = Debug|x64
		{B3BF49C3-5BC5-44C7-AEC2-15B50F82A2C8}.Debug|x64.Build.0 = Debug|x64
		{B3BF49C3-5BC5-44C7-AEC2-15B50F82A2C8}.Debug|x64.Deploy.0 = Debug|x64
		{B3BF49C3-5BC5-44C7-AEC2-15B50F82A2C8}.Debug|x86.ActiveCfg = Debug|x64
		{B3BF49C3-5BC5-44C7-AEC2-15B50F82A2C8}.Debug|x86.Build.0 = Debug|x64
		{B3BF49C3-5BC5-44C7-AEC2-15B50F82A2C8}.Debug|x86.Deploy.0 = Debug|x64
		{B3BF49C3-5BC5-44C7-AEC2-15B50F82A2C8}.Release|ARM.ActiveCfg = Release|x64
		{B3BF49C3-5BC5-44C7-AEC2-15B50F82A2C8}.Release|ARM.Build.0 = Release|x64
		{B3BF49C3-5BC5-44C7-AEC2-15B50F82A2C8}.Release|ARM.Deploy.0 = Release|x64
		{B3BF49C3-5BC5-44C7-AEC2-15B50F82A2C8}.Release|ARM64.ActiveCfg = Release|ARM64
		{B3BF49C3-5BC5-44C7-AEC2-15B50F82A2C8}.Release|ARM64.Build.0 = Release|ARM64
		{B3BF49C3-5BC5-44C7-AEC2-15B50F82A2C8}.Release|ARM64.Deploy.0 = Release|ARM64
		{B3BF49C3-5BC5-44C7-AEC2-15B50F82A2C8}.Release|x64.ActiveCfg = Release|x64
		{B3BF49C3-5BC5-44C7-AEC2-15B50F82A2C8}.Release|x64.Build.0 = Release|x64
		{B3BF49C3-5BC5-44C7-AEC2-15B50F82A2C8}.Release|x64.Deploy.0 = Release|x64
		{B3BF49C3-5BC5-44C7-AEC2-15B50F82A2C8}.Release|x86.ActiveCfg = Release|x64
		{B3BF49C3-5BC5-44C7-AEC2-15B50F82A2C8}.Release|x86.Build.0 = Release|x64
		{B3BF49C3-5BC5-44C7-AEC2-15B50F82A2C8}.Release|x86.Deploy.0 = Release|x64
		{8F397D61-7DC4-4546-A1D7-8EBF5DDB7339}.Debug|ARM.ActiveCfg = Debug|x64
		{8F397D61-7DC4-4546-A1D7-8EBF5DDB7339}.Debug|ARM.Build.0 = Debug|x64
		{8F397D61-7DC4-4546-A1D7-8EBF5DDB7339}.Debug|ARM.Deploy.0 = Debug|x64
		{8F397D61-7DC4-4546-A1D7-8EBF5DDB7339}.Debug|ARM64.ActiveCfg = Debug|ARM64
		{8F397D61-7DC4-4546-A1D7-8EBF5DDB7339}.Debug|ARM64.Build.0 = Debug|ARM64
		{8F397D61-7DC4-4546-A1D7-8EBF5DDB7339}.Debug|ARM64.Deploy.0 = Debug|ARM64
		{8F397D61-7DC4-4546-A1D7-8EBF5DDB7339}.Debug|x64.ActiveCfg = Debug|x64
		{8F397D61-7DC4-4546-A1D7-8EBF5DDB7339}.Debug|x64.Build.0 = Debug|x64
		{8F397D61-7DC4-4546-A1D7-8EBF5DDB7339}.Debug|x64.Deploy.0 = Debug|x64
		{8F397D61-7DC4-4546-A1D7-8EBF5DDB7339}.Debug|x86.ActiveCfg = Debug|x64
		{8F397D61-7DC4-4546-A1D7-8EBF5DDB7339}.Debug|x86.Build.0 = Debug|x64
		{8F397D61-7DC4-4546-A1D7-8EBF5DDB7339}.Debug|x86.Deploy.0 = Debug|x64
		{8F397D61-7DC4-4546-A1D7-8EBF5DDB7339}.Release|ARM.ActiveCfg = Release|x64
		{8F397D61-7DC4-4546-A1D7-8EBF5DDB7339}.Release|ARM.Build.0 = Release|x64
		{8F397D61-7DC4-4546-A1D7-8EBF5DDB7339}.Release|ARM.Deploy.0 = Release|x64
		{8F397D61-7DC4-4546-A1D7-8EBF5DDB7339}.Release|ARM64.ActiveCfg = Release|ARM64
		{8F397D61-7DC4-4546-A1D7-8EBF5DDB7339}.Release|ARM64.Build.0 = Release|ARM64
		{8F397D61-7DC4-4546-A1D7-8EBF5DDB7339}.Release|ARM64.Deploy.0 = Release|ARM64
		{8F397D61-7DC4-4546-A1D7-8EBF5DDB7339}.Release|x64.ActiveCfg = Release|x64
		{8F397D61-7DC4-4546-A1D7-8EBF5DDB7339}.Release|x64.Build.0 = Release|x64
		{8F397D61-7DC4-4546-A1D7-8EBF5DDB7339}.Release|x64.Deploy.0 = Release|x64
		{8F397D61-7DC4-4546-A1D7-8EBF5DDB7339}.Release|x86.ActiveCfg = Release|x64
		{8F397D61-7DC4-4546-A1D7-8EBF5DDB7339}.Release|x86.Build.0 = Release|x64
		{8F397D61-7DC4-4546-A1D7-8EBF5DDB7339}.Release|x86.Deploy.0 = Release|x64
	EndGlobalSection
	GlobalSection(SolutionProperties) = preSolution
		HideSolutionNode = FALSE
	EndGlobalSection
	GlobalSection(NestedProjects) = preSolution
		{AECB9030-E01B-4482-B1B0-328DED39F987} = {4137D91C-5417-4ECC-8F69-A9662C320863}
		{BCCC99F0-4C12-47CB-ABB7-910B2178A036} = {4137D91C-5417-4ECC-8F69-A9662C320863}
		{387BD188-73C4-40AD-8D0C-4219D7CFB9DA} = {6843BB56-F7CE-4DD7-829D-39E723728C7A}
		{F3EC1FF0-C657-4A1B-A822-1E8B116C954F} = {6843BB56-F7CE-4DD7-829D-39E723728C7A}
		{424DD5C9-3763-4331-B317-713D18E75F88} = {6843BB56-F7CE-4DD7-829D-39E723728C7A}
		{B3BF49C3-5BC5-44C7-AEC2-15B50F82A2C8} = {97E8A7F4-C573-4A9D-AAA0-CAD63B97F63D}
		{8F397D61-7DC4-4546-A1D7-8EBF5DDB7339} = {97E8A7F4-C573-4A9D-AAA0-CAD63B97F63D}
	EndGlobalSection
	GlobalSection(ExtensibilityGlobals) = postSolution
		SolutionGuid = {8C2B0019-BC11-45BB-A12C-3DFF02AD37B7}
	EndGlobalSection
EndGlobal
